// !$*UTF8*$!
{
	archiveVersion = 1;
	classes = {
	};
	objectVersion = 56;
	objects = {

/* Begin PBXBuildFile section */
		A8355E9629128E2200D9A6F3 /* AppDelegate.swift in Sources */ = {isa = PBXBuildFile; fileRef = A8355E9529128E2200D9A6F3 /* AppDelegate.swift */; };
		A8355E9829128E2200D9A6F3 /* SceneDelegate.swift in Sources */ = {isa = PBXBuildFile; fileRef = A8355E9729128E2200D9A6F3 /* SceneDelegate.swift */; };
		A8355E9A29128E2200D9A6F3 /* ViewController.swift in Sources */ = {isa = PBXBuildFile; fileRef = A8355E9929128E2200D9A6F3 /* ViewController.swift */; };
		A8355E9F29128E2300D9A6F3 /* Assets.xcassets in Resources */ = {isa = PBXBuildFile; fileRef = A8355E9E29128E2300D9A6F3 /* Assets.xcassets */; };
		A8355EA229128E2300D9A6F3 /* LaunchScreen.storyboard in Resources */ = {isa = PBXBuildFile; fileRef = A8355EA029128E2300D9A6F3 /* LaunchScreen.storyboard */; };
		A8355EAD29128E2300D9A6F3 /* UnitTestCasesRepositoryTests.swift in Sources */ = {isa = PBXBuildFile; fileRef = A8355EAC29128E2300D9A6F3 /* UnitTestCasesRepositoryTests.swift */; };
		A8355EB729128E2300D9A6F3 /* UnitTestCasesRepositoryUITests.swift in Sources */ = {isa = PBXBuildFile; fileRef = A8355EB629128E2300D9A6F3 /* UnitTestCasesRepositoryUITests.swift */; };
		A8355EB929128E2300D9A6F3 /* UnitTestCasesRepositoryUITestsLaunchTests.swift in Sources */ = {isa = PBXBuildFile; fileRef = A8355EB829128E2300D9A6F3 /* UnitTestCasesRepositoryUITestsLaunchTests.swift */; };
		A8355ECE29128E9D00D9A6F3 /* FirstViewController.swift in Sources */ = {isa = PBXBuildFile; fileRef = A8355EC529128E9D00D9A6F3 /* FirstViewController.swift */; };
		A8355ECF29128E9D00D9A6F3 /* String+Extension.swift in Sources */ = {isa = PBXBuildFile; fileRef = A8355EC629128E9D00D9A6F3 /* String+Extension.swift */; };
		A8355ED029128E9D00D9A6F3 /* ThirdViewController.swift in Sources */ = {isa = PBXBuildFile; fileRef = A8355EC729128E9D00D9A6F3 /* ThirdViewController.swift */; };
		A8355ED129128E9D00D9A6F3 /* EndPoints.swift in Sources */ = {isa = PBXBuildFile; fileRef = A8355EC829128E9D00D9A6F3 /* EndPoints.swift */; };
		A8355ED329128E9D00D9A6F3 /* NetworkManager.swift in Sources */ = {isa = PBXBuildFile; fileRef = A8355ECA29128E9D00D9A6F3 /* NetworkManager.swift */; };
		A8355ED429128E9D00D9A6F3 /* SecondViewController.swift in Sources */ = {isa = PBXBuildFile; fileRef = A8355ECB29128E9D00D9A6F3 /* SecondViewController.swift */; };
		A8355ED629128E9D00D9A6F3 /* Models in Resources */ = {isa = PBXBuildFile; fileRef = A8355ECD29128E9D00D9A6F3 /* Models */; };
		A8355ED829128F6C00D9A6F3 /* AmiiboModel.swift in Sources */ = {isa = PBXBuildFile; fileRef = A8355ED729128F6C00D9A6F3 /* AmiiboModel.swift */; };
		A8355EDA29128F8F00D9A6F3 /* CustomTableViewCell.swift in Sources */ = {isa = PBXBuildFile; fileRef = A8355ED929128F8F00D9A6F3 /* CustomTableViewCell.swift */; };
		A8355EDC29128FF000D9A6F3 /* PhoneModel.swift in Sources */ = {isa = PBXBuildFile; fileRef = A8355EDB29128FF000D9A6F3 /* PhoneModel.swift */; };
		A8355EDD29128FF000D9A6F3 /* PhoneModel.swift in Sources */ = {isa = PBXBuildFile; fileRef = A8355EDB29128FF000D9A6F3 /* PhoneModel.swift */; };
/* End PBXBuildFile section */

/* Begin PBXContainerItemProxy section */
		A8355EA929128E2300D9A6F3 /* PBXContainerItemProxy */ = {
			isa = PBXContainerItemProxy;
			containerPortal = A8355E8A29128E2200D9A6F3 /* Project object */;
			proxyType = 1;
			remoteGlobalIDString = A8355E9129128E2200D9A6F3;
			remoteInfo = UnitTestCasesRepository;
		};
		A8355EB329128E2300D9A6F3 /* PBXContainerItemProxy */ = {
			isa = PBXContainerItemProxy;
			containerPortal = A8355E8A29128E2200D9A6F3 /* Project object */;
			proxyType = 1;
			remoteGlobalIDString = A8355E9129128E2200D9A6F3;
			remoteInfo = UnitTestCasesRepository;
		};
/* End PBXContainerItemProxy section */

/* Begin PBXFileReference section */
		A8355E9229128E2200D9A6F3 /* UnitTestCasesRepository.app */ = {isa = PBXFileReference; explicitFileType = wrapper.application; includeInIndex = 0; path = UnitTestCasesRepository.app; sourceTree = BUILT_PRODUCTS_DIR; };
		A8355E9529128E2200D9A6F3 /* AppDelegate.swift */ = {isa = PBXFileReference; lastKnownFileType = sourcecode.swift; path = AppDelegate.swift; sourceTree = "<group>"; };
		A8355E9729128E2200D9A6F3 /* SceneDelegate.swift */ = {isa = PBXFileReference; lastKnownFileType = sourcecode.swift; path = SceneDelegate.swift; sourceTree = "<group>"; };
		A8355E9929128E2200D9A6F3 /* ViewController.swift */ = {isa = PBXFileReference; lastKnownFileType = sourcecode.swift; path = ViewController.swift; sourceTree = "<group>"; };
		A8355E9E29128E2300D9A6F3 /* Assets.xcassets */ = {isa = PBXFileReference; lastKnownFileType = folder.assetcatalog; path = Assets.xcassets; sourceTree = "<group>"; };
		A8355EA129128E2300D9A6F3 /* Base */ = {isa = PBXFileReference; lastKnownFileType = file.storyboard; name = Base; path = Base.lproj/LaunchScreen.storyboard; sourceTree = "<group>"; };
		A8355EA329128E2300D9A6F3 /* Info.plist */ = {isa = PBXFileReference; lastKnownFileType = text.plist.xml; path = Info.plist; sourceTree = "<group>"; };
		A8355EA829128E2300D9A6F3 /* UnitTestCasesRepositoryTests.xctest */ = {isa = PBXFileReference; explicitFileType = wrapper.cfbundle; includeInIndex = 0; path = UnitTestCasesRepositoryTests.xctest; sourceTree = BUILT_PRODUCTS_DIR; };
		A8355EAC29128E2300D9A6F3 /* UnitTestCasesRepositoryTests.swift */ = {isa = PBXFileReference; lastKnownFileType = sourcecode.swift; path = UnitTestCasesRepositoryTests.swift; sourceTree = "<group>"; };
		A8355EB229128E2300D9A6F3 /* UnitTestCasesRepositoryUITests.xctest */ = {isa = PBXFileReference; explicitFileType = wrapper.cfbundle; includeInIndex = 0; path = UnitTestCasesRepositoryUITests.xctest; sourceTree = BUILT_PRODUCTS_DIR; };
		A8355EB629128E2300D9A6F3 /* UnitTestCasesRepositoryUITests.swift */ = {isa = PBXFileReference; lastKnownFileType = sourcecode.swift; path = UnitTestCasesRepositoryUITests.swift; sourceTree = "<group>"; };
		A8355EB829128E2300D9A6F3 /* UnitTestCasesRepositoryUITestsLaunchTests.swift */ = {isa = PBXFileReference; lastKnownFileType = sourcecode.swift; path = UnitTestCasesRepositoryUITestsLaunchTests.swift; sourceTree = "<group>"; };
		A8355EC529128E9D00D9A6F3 /* FirstViewController.swift */ = {isa = PBXFileReference; fileEncoding = 4; lastKnownFileType = sourcecode.swift; name = FirstViewController.swift; path = "../../../Downloads/Xcode-Practicess/Xcode-Practicess/FirstViewController.swift"; sourceTree = "<group>"; };
		A8355EC629128E9D00D9A6F3 /* String+Extension.swift */ = {isa = PBXFileReference; fileEncoding = 4; lastKnownFileType = sourcecode.swift; name = "String+Extension.swift"; path = "../../../Downloads/Xcode-Practicess/Xcode-Practicess/String+Extension.swift"; sourceTree = "<group>"; };
		A8355EC729128E9D00D9A6F3 /* ThirdViewController.swift */ = {isa = PBXFileReference; fileEncoding = 4; lastKnownFileType = sourcecode.swift; name = ThirdViewController.swift; path = "../../../Downloads/Xcode-Practicess/Xcode-Practicess/ThirdViewController.swift"; sourceTree = "<group>"; };
		A8355EC829128E9D00D9A6F3 /* EndPoints.swift */ = {isa = PBXFileReference; fileEncoding = 4; lastKnownFileType = sourcecode.swift; name = EndPoints.swift; path = "../../../Downloads/Xcode-Practicess/Xcode-Practicess/EndPoints.swift"; sourceTree = "<group>"; };
		A8355ECA29128E9D00D9A6F3 /* NetworkManager.swift */ = {isa = PBXFileReference; fileEncoding = 4; lastKnownFileType = sourcecode.swift; name = NetworkManager.swift; path = "../../../Downloads/Xcode-Practicess/Xcode-Practicess/NetworkManager.swift"; sourceTree = "<group>"; };
		A8355ECB29128E9D00D9A6F3 /* SecondViewController.swift */ = {isa = PBXFileReference; fileEncoding = 4; lastKnownFileType = sourcecode.swift; name = SecondViewController.swift; path = "../../../Downloads/Xcode-Practicess/Xcode-Practicess/SecondViewController.swift"; sourceTree = "<group>"; };
		A8355ECD29128E9D00D9A6F3 /* Models */ = {isa = PBXFileReference; lastKnownFileType = folder; name = Models; path = "../../../Downloads/Xcode-Practicess/Xcode-Practicess/Models"; sourceTree = "<group>"; };
		A8355ED729128F6C00D9A6F3 /* AmiiboModel.swift */ = {isa = PBXFileReference; fileEncoding = 4; lastKnownFileType = sourcecode.swift; name = AmiiboModel.swift; path = "../../../Downloads/Xcode-Practices/AmiiboModel.swift"; sourceTree = "<group>"; };
		A8355ED929128F8F00D9A6F3 /* CustomTableViewCell.swift */ = {isa = PBXFileReference; fileEncoding = 4; lastKnownFileType = sourcecode.swift; name = CustomTableViewCell.swift; path = "../../../Downloads/Xcode-Practicess/CustomTableViewCell.swift"; sourceTree = "<group>"; };
		A8355EDB29128FF000D9A6F3 /* PhoneModel.swift */ = {isa = PBXFileReference; fileEncoding = 4; lastKnownFileType = sourcecode.swift; name = PhoneModel.swift; path = "../../../Downloads/Xcode-Practicess/Xcode-Practicess/Models/PhoneModel.swift"; sourceTree = "<group>"; };
/* End PBXFileReference section */

/* Begin PBXFrameworksBuildPhase section */
		A8355E8F29128E2200D9A6F3 /* Frameworks */ = {
			isa = PBXFrameworksBuildPhase;
			buildActionMask = 2147483647;
			files = (
			);
			runOnlyForDeploymentPostprocessing = 0;
		};
		A8355EA529128E2300D9A6F3 /* Frameworks */ = {
			isa = PBXFrameworksBuildPhase;
			buildActionMask = 2147483647;
			files = (
			);
			runOnlyForDeploymentPostprocessing = 0;
		};
		A8355EAF29128E2300D9A6F3 /* Frameworks */ = {
			isa = PBXFrameworksBuildPhase;
			buildActionMask = 2147483647;
			files = (
			);
			runOnlyForDeploymentPostprocessing = 0;
		};
/* End PBXFrameworksBuildPhase section */

/* Begin PBXGroup section */
		A8355E8929128E2200D9A6F3 = {
			isa = PBXGroup;
			children = (
				A8355E9429128E2200D9A6F3 /* UnitTestCasesRepository */,
				A8355EAB29128E2300D9A6F3 /* UnitTestCasesRepositoryTests */,
				A8355EB529128E2300D9A6F3 /* UnitTestCasesRepositoryUITests */,
				A8355E9329128E2200D9A6F3 /* Products */,
			);
			sourceTree = "<group>";
		};
		A8355E9329128E2200D9A6F3 /* Products */ = {
			isa = PBXGroup;
			children = (
				A8355E9229128E2200D9A6F3 /* UnitTestCasesRepository.app */,
				A8355EA829128E2300D9A6F3 /* UnitTestCasesRepositoryTests.xctest */,
				A8355EB229128E2300D9A6F3 /* UnitTestCasesRepositoryUITests.xctest */,
			);
			name = Products;
			sourceTree = "<group>";
		};
		A8355E9429128E2200D9A6F3 /* UnitTestCasesRepository */ = {
			isa = PBXGroup;
			children = (
				A8355ED929128F8F00D9A6F3 /* CustomTableViewCell.swift */,
				A8355ED729128F6C00D9A6F3 /* AmiiboModel.swift */,
				A8355EDB29128FF000D9A6F3 /* PhoneModel.swift */,
				A8355E9529128E2200D9A6F3 /* AppDelegate.swift */,
				A8355E9729128E2200D9A6F3 /* SceneDelegate.swift */,
				A8355EC829128E9D00D9A6F3 /* EndPoints.swift */,
				A8355EC529128E9D00D9A6F3 /* FirstViewController.swift */,
				A8355ECD29128E9D00D9A6F3 /* Models */,
				A8355ECA29128E9D00D9A6F3 /* NetworkManager.swift */,
				A8355ECB29128E9D00D9A6F3 /* SecondViewController.swift */,
				A8355EC629128E9D00D9A6F3 /* String+Extension.swift */,
				A8355EC729128E9D00D9A6F3 /* ThirdViewController.swift */,
				A8355E9929128E2200D9A6F3 /* ViewController.swift */,
				A8355E9E29128E2300D9A6F3 /* Assets.xcassets */,
				A8355EA029128E2300D9A6F3 /* LaunchScreen.storyboard */,
				A8355EA329128E2300D9A6F3 /* Info.plist */,
			);
			path = UnitTestCasesRepository;
			sourceTree = "<group>";
		};
		A8355EAB29128E2300D9A6F3 /* UnitTestCasesRepositoryTests */ = {
			isa = PBXGroup;
			children = (
				A8355EAC29128E2300D9A6F3 /* UnitTestCasesRepositoryTests.swift */,
			);
			path = UnitTestCasesRepositoryTests;
			sourceTree = "<group>";
		};
		A8355EB529128E2300D9A6F3 /* UnitTestCasesRepositoryUITests */ = {
			isa = PBXGroup;
			children = (
				A8355EB629128E2300D9A6F3 /* UnitTestCasesRepositoryUITests.swift */,
				A8355EB829128E2300D9A6F3 /* UnitTestCasesRepositoryUITestsLaunchTests.swift */,
			);
			path = UnitTestCasesRepositoryUITests;
			sourceTree = "<group>";
		};
/* End PBXGroup section */

/* Begin PBXNativeTarget section */
		A8355E9129128E2200D9A6F3 /* UnitTestCasesRepository */ = {
			isa = PBXNativeTarget;
			buildConfigurationList = A8355EBC29128E2300D9A6F3 /* Build configuration list for PBXNativeTarget "UnitTestCasesRepository" */;
			buildPhases = (
				A8355E8E29128E2200D9A6F3 /* Sources */,
				A8355E8F29128E2200D9A6F3 /* Frameworks */,
				A8355E9029128E2200D9A6F3 /* Resources */,
			);
			buildRules = (
			);
			dependencies = (
			);
			name = UnitTestCasesRepository;
			productName = UnitTestCasesRepository;
			productReference = A8355E9229128E2200D9A6F3 /* UnitTestCasesRepository.app */;
			productType = "com.apple.product-type.application";
		};
		A8355EA729128E2300D9A6F3 /* UnitTestCasesRepositoryTests */ = {
			isa = PBXNativeTarget;
			buildConfigurationList = A8355EBF29128E2300D9A6F3 /* Build configuration list for PBXNativeTarget "UnitTestCasesRepositoryTests" */;
			buildPhases = (
				A8355EA429128E2300D9A6F3 /* Sources */,
				A8355EA529128E2300D9A6F3 /* Frameworks */,
				A8355EA629128E2300D9A6F3 /* Resources */,
			);
			buildRules = (
			);
			dependencies = (
				A8355EAA29128E2300D9A6F3 /* PBXTargetDependency */,
			);
			name = UnitTestCasesRepositoryTests;
			productName = UnitTestCasesRepositoryTests;
			productReference = A8355EA829128E2300D9A6F3 /* UnitTestCasesRepositoryTests.xctest */;
			productType = "com.apple.product-type.bundle.unit-test";
		};
		A8355EB129128E2300D9A6F3 /* UnitTestCasesRepositoryUITests */ = {
			isa = PBXNativeTarget;
			buildConfigurationList = A8355EC229128E2300D9A6F3 /* Build configuration list for PBXNativeTarget "UnitTestCasesRepositoryUITests" */;
			buildPhases = (
				A8355EAE29128E2300D9A6F3 /* Sources */,
				A8355EAF29128E2300D9A6F3 /* Frameworks */,
				A8355EB029128E2300D9A6F3 /* Resources */,
			);
			buildRules = (
			);
			dependencies = (
				A8355EB429128E2300D9A6F3 /* PBXTargetDependency */,
			);
			name = UnitTestCasesRepositoryUITests;
			productName = UnitTestCasesRepositoryUITests;
			productReference = A8355EB229128E2300D9A6F3 /* UnitTestCasesRepositoryUITests.xctest */;
			productType = "com.apple.product-type.bundle.ui-testing";
		};
/* End PBXNativeTarget section */

/* Begin PBXProject section */
		A8355E8A29128E2200D9A6F3 /* Project object */ = {
			isa = PBXProject;
			attributes = {
				BuildIndependentTargetsInParallel = 1;
				LastSwiftUpdateCheck = 1400;
				LastUpgradeCheck = 1400;
				TargetAttributes = {
					A8355E9129128E2200D9A6F3 = {
						CreatedOnToolsVersion = 14.0;
					};
					A8355EA729128E2300D9A6F3 = {
						CreatedOnToolsVersion = 14.0;
						TestTargetID = A8355E9129128E2200D9A6F3;
					};
					A8355EB129128E2300D9A6F3 = {
						CreatedOnToolsVersion = 14.0;
						TestTargetID = A8355E9129128E2200D9A6F3;
					};
				};
			};
			buildConfigurationList = A8355E8D29128E2200D9A6F3 /* Build configuration list for PBXProject "UnitTestCasesRepository" */;
			compatibilityVersion = "Xcode 14.0";
			developmentRegion = en;
			hasScannedForEncodings = 0;
			knownRegions = (
				en,
				Base,
			);
			mainGroup = A8355E8929128E2200D9A6F3;
			productRefGroup = A8355E9329128E2200D9A6F3 /* Products */;
			projectDirPath = "";
			projectRoot = "";
			targets = (
				A8355E9129128E2200D9A6F3 /* UnitTestCasesRepository */,
				A8355EA729128E2300D9A6F3 /* UnitTestCasesRepositoryTests */,
				A8355EB129128E2300D9A6F3 /* UnitTestCasesRepositoryUITests */,
			);
		};
/* End PBXProject section */

/* Begin PBXResourcesBuildPhase section */
		A8355E9029128E2200D9A6F3 /* Resources */ = {
			isa = PBXResourcesBuildPhase;
			buildActionMask = 2147483647;
			files = (
				A8355EA229128E2300D9A6F3 /* LaunchScreen.storyboard in Resources */,
				A8355E9F29128E2300D9A6F3 /* Assets.xcassets in Resources */,
				A8355ED629128E9D00D9A6F3 /* Models in Resources */,
			);
			runOnlyForDeploymentPostprocessing = 0;
		};
		A8355EA629128E2300D9A6F3 /* Resources */ = {
			isa = PBXResourcesBuildPhase;
			buildActionMask = 2147483647;
			files = (
			);
			runOnlyForDeploymentPostprocessing = 0;
		};
		A8355EB029128E2300D9A6F3 /* Resources */ = {
			isa = PBXResourcesBuildPhase;
			buildActionMask = 2147483647;
			files = (
			);
			runOnlyForDeploymentPostprocessing = 0;
		};
/* End PBXResourcesBuildPhase section */

/* Begin PBXSourcesBuildPhase section */
		A8355E8E29128E2200D9A6F3 /* Sources */ = {
			isa = PBXSourcesBuildPhase;
			buildActionMask = 2147483647;
			files = (
				A8355ED329128E9D00D9A6F3 /* NetworkManager.swift in Sources */,
				A8355E9A29128E2200D9A6F3 /* ViewController.swift in Sources */,
				A8355EDC29128FF000D9A6F3 /* PhoneModel.swift in Sources */,
				A8355EDA29128F8F00D9A6F3 /* CustomTableViewCell.swift in Sources */,
				A8355E9629128E2200D9A6F3 /* AppDelegate.swift in Sources */,
				A8355E9829128E2200D9A6F3 /* SceneDelegate.swift in Sources */,
				A8355ED829128F6C00D9A6F3 /* AmiiboModel.swift in Sources */,
				A8355ED129128E9D00D9A6F3 /* EndPoints.swift in Sources */,
				A8355ECF29128E9D00D9A6F3 /* String+Extension.swift in Sources */,
				A8355ED029128E9D00D9A6F3 /* ThirdViewController.swift in Sources */,
				A8355ED429128E9D00D9A6F3 /* SecondViewController.swift in Sources */,
				A8355ECE29128E9D00D9A6F3 /* FirstViewController.swift in Sources */,
			);
			runOnlyForDeploymentPostprocessing = 0;
		};
		A8355EA429128E2300D9A6F3 /* Sources */ = {
			isa = PBXSourcesBuildPhase;
			buildActionMask = 2147483647;
			files = (
				A8355EDD29128FF000D9A6F3 /* PhoneModel.swift in Sources */,
				A8355EAD29128E2300D9A6F3 /* UnitTestCasesRepositoryTests.swift in Sources */,
			);
			runOnlyForDeploymentPostprocessing = 0;
		};
		A8355EAE29128E2300D9A6F3 /* Sources */ = {
			isa = PBXSourcesBuildPhase;
			buildActionMask = 2147483647;
			files = (
				A8355EB929128E2300D9A6F3 /* UnitTestCasesRepositoryUITestsLaunchTests.swift in Sources */,
				A8355EB729128E2300D9A6F3 /* UnitTestCasesRepositoryUITests.swift in Sources */,
			);
			runOnlyForDeploymentPostprocessing = 0;
		};
/* End PBXSourcesBuildPhase section */

/* Begin PBXTargetDependency section */
		A8355EAA29128E2300D9A6F3 /* PBXTargetDependency */ = {
			isa = PBXTargetDependency;
			target = A8355E9129128E2200D9A6F3 /* UnitTestCasesRepository */;
			targetProxy = A8355EA929128E2300D9A6F3 /* PBXContainerItemProxy */;
		};
		A8355EB429128E2300D9A6F3 /* PBXTargetDependency */ = {
			isa = PBXTargetDependency;
			target = A8355E9129128E2200D9A6F3 /* UnitTestCasesRepository */;
			targetProxy = A8355EB329128E2300D9A6F3 /* PBXContainerItemProxy */;
		};
/* End PBXTargetDependency section */

/* Begin PBXVariantGroup section */
		A8355EA029128E2300D9A6F3 /* LaunchScreen.storyboard */ = {
			isa = PBXVariantGroup;
			children = (
				A8355EA129128E2300D9A6F3 /* Base */,
			);
			name = LaunchScreen.storyboard;
			sourceTree = "<group>";
		};
/* End PBXVariantGroup section */

/* Begin XCBuildConfiguration section */
		A8355EBA29128E2300D9A6F3 /* Debug */ = {
			isa = XCBuildConfiguration;
			buildSettings = {
				ALWAYS_SEARCH_USER_PATHS = NO;
				CLANG_ANALYZER_NONNULL = YES;
				CLANG_ANALYZER_NUMBER_OBJECT_CONVERSION = YES_AGGRESSIVE;
				CLANG_CXX_LANGUAGE_STANDARD = "gnu++20";
				CLANG_ENABLE_MODULES = YES;
				CLANG_ENABLE_OBJC_ARC = YES;
				CLANG_ENABLE_OBJC_WEAK = YES;
				CLANG_WARN_BLOCK_CAPTURE_AUTORELEASING = YES;
				CLANG_WARN_BOOL_CONVERSION = YES;
				CLANG_WARN_COMMA = YES;
				CLANG_WARN_CONSTANT_CONVERSION = YES;
				CLANG_WARN_DEPRECATED_OBJC_IMPLEMENTATIONS = YES;
				CLANG_WARN_DIRECT_OBJC_ISA_USAGE = YES_ERROR;
				CLANG_WARN_DOCUMENTATION_COMMENTS = YES;
				CLANG_WARN_EMPTY_BODY = YES;
				CLANG_WARN_ENUM_CONVERSION = YES;
				CLANG_WARN_INFINITE_RECURSION = YES;
				CLANG_WARN_INT_CONVERSION = YES;
				CLANG_WARN_NON_LITERAL_NULL_CONVERSION = YES;
				CLANG_WARN_OBJC_IMPLICIT_RETAIN_SELF = YES;
				CLANG_WARN_OBJC_LITERAL_CONVERSION = YES;
				CLANG_WARN_OBJC_ROOT_CLASS = YES_ERROR;
				CLANG_WARN_QUOTED_INCLUDE_IN_FRAMEWORK_HEADER = YES;
				CLANG_WARN_RANGE_LOOP_ANALYSIS = YES;
				CLANG_WARN_STRICT_PROTOTYPES = YES;
				CLANG_WARN_SUSPICIOUS_MOVE = YES;
				CLANG_WARN_UNGUARDED_AVAILABILITY = YES_AGGRESSIVE;
				CLANG_WARN_UNREACHABLE_CODE = YES;
				CLANG_WARN__DUPLICATE_METHOD_MATCH = YES;
				COPY_PHASE_STRIP = NO;
				DEBUG_INFORMATION_FORMAT = dwarf;
				ENABLE_STRICT_OBJC_MSGSEND = YES;
				ENABLE_TESTABILITY = YES;
				GCC_C_LANGUAGE_STANDARD = gnu11;
				GCC_DYNAMIC_NO_PIC = NO;
				GCC_NO_COMMON_BLOCKS = YES;
				GCC_OPTIMIZATION_LEVEL = 0;
				GCC_PREPROCESSOR_DEFINITIONS = (
					"DEBUG=1",
					"$(inherited)",
				);
				GCC_WARN_64_TO_32_BIT_CONVERSION = YES;
				GCC_WARN_ABOUT_RETURN_TYPE = YES_ERROR;
				GCC_WARN_UNDECLARED_SELECTOR = YES;
				GCC_WARN_UNINITIALIZED_AUTOS = YES_AGGRESSIVE;
				GCC_WARN_UNUSED_FUNCTION = YES;
				GCC_WARN_UNUSED_VARIABLE = YES;
				IPHONEOS_DEPLOYMENT_TARGET = 16.0;
				MTL_ENABLE_DEBUG_INFO = INCLUDE_SOURCE;
				MTL_FAST_MATH = YES;
				ONLY_ACTIVE_ARCH = YES;
				SDKROOT = iphoneos;
				SWIFT_ACTIVE_COMPILATION_CONDITIONS = DEBUG;
				SWIFT_OPTIMIZATION_LEVEL = "-Onone";
			};
			name = Debug;
		};
		A8355EBB29128E2300D9A6F3 /* Release */ = {
			isa = XCBuildConfiguration;
			buildSettings = {
				ALWAYS_SEARCH_USER_PATHS = NO;
				CLANG_ANALYZER_NONNULL = YES;
				CLANG_ANALYZER_NUMBER_OBJECT_CONVERSION = YES_AGGRESSIVE;
				CLANG_CXX_LANGUAGE_STANDARD = "gnu++20";
				CLANG_ENABLE_MODULES = YES;
				CLANG_ENABLE_OBJC_ARC = YES;
				CLANG_ENABLE_OBJC_WEAK = YES;
				CLANG_WARN_BLOCK_CAPTURE_AUTORELEASING = YES;
				CLANG_WARN_BOOL_CONVERSION = YES;
				CLANG_WARN_COMMA = YES;
				CLANG_WARN_CONSTANT_CONVERSION = YES;
				CLANG_WARN_DEPRECATED_OBJC_IMPLEMENTATIONS = YES;
				CLANG_WARN_DIRECT_OBJC_ISA_USAGE = YES_ERROR;
				CLANG_WARN_DOCUMENTATION_COMMENTS = YES;
				CLANG_WARN_EMPTY_BODY = YES;
				CLANG_WARN_ENUM_CONVERSION = YES;
				CLANG_WARN_INFINITE_RECURSION = YES;
				CLANG_WARN_INT_CONVERSION = YES;
				CLANG_WARN_NON_LITERAL_NULL_CONVERSION = YES;
				CLANG_WARN_OBJC_IMPLICIT_RETAIN_SELF = YES;
				CLANG_WARN_OBJC_LITERAL_CONVERSION = YES;
				CLANG_WARN_OBJC_ROOT_CLASS = YES_ERROR;
				CLANG_WARN_QUOTED_INCLUDE_IN_FRAMEWORK_HEADER = YES;
				CLANG_WARN_RANGE_LOOP_ANALYSIS = YES;
				CLANG_WARN_STRICT_PROTOTYPES = YES;
				CLANG_WARN_SUSPICIOUS_MOVE = YES;
				CLANG_WARN_UNGUARDED_AVAILABILITY = YES_AGGRESSIVE;
				CLANG_WARN_UNREACHABLE_CODE = YES;
				CLANG_WARN__DUPLICATE_METHOD_MATCH = YES;
				COPY_PHASE_STRIP = NO;
				DEBUG_INFORMATION_FORMAT = "dwarf-with-dsym";
				ENABLE_NS_ASSERTIONS = NO;
				ENABLE_STRICT_OBJC_MSGSEND = YES;
				GCC_C_LANGUAGE_STANDARD = gnu11;
				GCC_NO_COMMON_BLOCKS = YES;
				GCC_WARN_64_TO_32_BIT_CONVERSION = YES;
				GCC_WARN_ABOUT_RETURN_TYPE = YES_ERROR;
				GCC_WARN_UNDECLARED_SELECTOR = YES;
				GCC_WARN_UNINITIALIZED_AUTOS = YES_AGGRESSIVE;
				GCC_WARN_UNUSED_FUNCTION = YES;
				GCC_WARN_UNUSED_VARIABLE = YES;
				IPHONEOS_DEPLOYMENT_TARGET = 16.0;
				MTL_ENABLE_DEBUG_INFO = NO;
				MTL_FAST_MATH = YES;
				SDKROOT = iphoneos;
				SWIFT_COMPILATION_MODE = wholemodule;
				SWIFT_OPTIMIZATION_LEVEL = "-O";
				VALIDATE_PRODUCT = YES;
			};
			name = Release;
		};
		A8355EBD29128E2300D9A6F3 /* Debug */ = {
			isa = XCBuildConfiguration;
			buildSettings = {
				ASSETCATALOG_COMPILER_APPICON_NAME = AppIcon;
				ASSETCATALOG_COMPILER_GLOBAL_ACCENT_COLOR_NAME = AccentColor;
				CODE_SIGN_STYLE = Automatic;
				CURRENT_PROJECT_VERSION = 1;
				GENERATE_INFOPLIST_FILE = YES;
				INFOPLIST_FILE = UnitTestCasesRepository/Info.plist;
				INFOPLIST_KEY_UIApplicationSupportsIndirectInputEvents = YES;
				INFOPLIST_KEY_UILaunchStoryboardName = LaunchScreen;
				INFOPLIST_KEY_UISupportedInterfaceOrientations_iPad = "UIInterfaceOrientationPortrait UIInterfaceOrientationPortraitUpsideDown UIInterfaceOrientationLandscapeLeft UIInterfaceOrientationLandscapeRight";
				INFOPLIST_KEY_UISupportedInterfaceOrientations_iPhone = "UIInterfaceOrientationPortrait UIInterfaceOrientationLandscapeLeft UIInterfaceOrientationLandscapeRight";
				LD_RUNPATH_SEARCH_PATHS = (
					"$(inherited)",
					"@executable_path/Frameworks",
				);
				MARKETING_VERSION = 1.0;
				PRODUCT_BUNDLE_IDENTIFIER = www.xcodePractices.UnitTestCasesRepository;
				PRODUCT_NAME = "$(TARGET_NAME)";
				SWIFT_EMIT_LOC_STRINGS = YES;
				SWIFT_VERSION = 5.0;
				TARGETED_DEVICE_FAMILY = "1,2";
			};
			name = Debug;
		};
		A8355EBE29128E2300D9A6F3 /* Release */ = {
			isa = XCBuildConfiguration;
			buildSettings = {
				ASSETCATALOG_COMPILER_APPICON_NAME = AppIcon;
				ASSETCATALOG_COMPILER_GLOBAL_ACCENT_COLOR_NAME = AccentColor;
				CODE_SIGN_STYLE = Automatic;
				CURRENT_PROJECT_VERSION = 1;
				GENERATE_INFOPLIST_FILE = YES;
				INFOPLIST_FILE = UnitTestCasesRepository/Info.plist;
				INFOPLIST_KEY_UIApplicationSupportsIndirectInputEvents = YES;
				INFOPLIST_KEY_UILaunchStoryboardName = LaunchScreen;
				INFOPLIST_KEY_UISupportedInterfaceOrientations_iPad = "UIInterfaceOrientationPortrait UIInterfaceOrientationPortraitUpsideDown UIInterfaceOrientationLandscapeLeft UIInterfaceOrientationLandscapeRight";
				INFOPLIST_KEY_UISupportedInterfaceOrientations_iPhone = "UIInterfaceOrientationPortrait UIInterfaceOrientationLandscapeLeft UIInterfaceOrientationLandscapeRight";
				LD_RUNPATH_SEARCH_PATHS = (
					"$(inherited)",
					"@executable_path/Frameworks",
				);
				MARKETING_VERSION = 1.0;
				PRODUCT_BUNDLE_IDENTIFIER = www.xcodePractices.UnitTestCasesRepository;
				PRODUCT_NAME = "$(TARGET_NAME)";
				SWIFT_EMIT_LOC_STRINGS = YES;
				SWIFT_VERSION = 5.0;
				TARGETED_DEVICE_FAMILY = "1,2";
			};
			name = Release;
		};
		A8355EC029128E2300D9A6F3 /* Debug */ = {
			isa = XCBuildConfiguration;
			buildSettings = {
				ALWAYS_EMBED_SWIFT_STANDARD_LIBRARIES = YES;
				BUNDLE_LOADER = "$(TEST_HOST)";
				CODE_SIGN_STYLE = Automatic;
				CURRENT_PROJECT_VERSION = 1;
				GENERATE_INFOPLIST_FILE = YES;
				IPHONEOS_DEPLOYMENT_TARGET = 16.0;
				MARKETING_VERSION = 1.0;
				PRODUCT_BUNDLE_IDENTIFIER = www.xcodePractices.UnitTestCasesRepositoryTests;
				PRODUCT_NAME = "$(TARGET_NAME)";
				SWIFT_EMIT_LOC_STRINGS = NO;
				SWIFT_VERSION = 5.0;
				TARGETED_DEVICE_FAMILY = "1,2";
				TEST_HOST = "$(BUILT_PRODUCTS_DIR)/UnitTestCasesRepository.app/$(BUNDLE_EXECUTABLE_FOLDER_PATH)/UnitTestCasesRepository";
			};
			name = Debug;
		};
		A8355EC129128E2300D9A6F3 /* Release */ = {
			isa = XCBuildConfiguration;
			buildSettings = {
				ALWAYS_EMBED_SWIFT_STANDARD_LIBRARIES = YES;
				BUNDLE_LOADER = "$(TEST_HOST)";
				CODE_SIGN_STYLE = Automatic;
				CURRENT_PROJECT_VERSION = 1;
				GENERATE_INFOPLIST_FILE = YES;
				IPHONEOS_DEPLOYMENT_TARGET = 16.0;
				MARKETING_VERSION = 1.0;
				PRODUCT_BUNDLE_IDENTIFIER = www.xcodePractices.UnitTestCasesRepositoryTests;
				PRODUCT_NAME = "$(TARGET_NAME)";
				SWIFT_EMIT_LOC_STRINGS = NO;
				SWIFT_VERSION = 5.0;
				TARGETED_DEVICE_FAMILY = "1,2";
				TEST_HOST = "$(BUILT_PRODUCTS_DIR)/UnitTestCasesRepository.app/$(BUNDLE_EXECUTABLE_FOLDER_PATH)/UnitTestCasesRepository";
			};
			name = Release;
		};
		A8355EC329128E2300D9A6F3 /* Debug */ = {
			isa = XCBuildConfiguration;
			buildSettings = {
				ALWAYS_EMBED_SWIFT_STANDARD_LIBRARIES = YES;
				CODE_SIGN_STYLE = Automatic;
				CURRENT_PROJECT_VERSION = 1;
				GENERATE_INFOPLIST_FILE = YES;
				MARKETING_VERSION = 1.0;
				PRODUCT_BUNDLE_IDENTIFIER = www.xcodePractices.UnitTestCasesRepositoryUITests;
				PRODUCT_NAME = "$(TARGET_NAME)";
				SWIFT_EMIT_LOC_STRINGS = NO;
				SWIFT_VERSION = 5.0;
				TARGETED_DEVICE_FAMILY = "1,2";
				TEST_TARGET_NAME = UnitTestCasesRepository;
			};
			name = Debug;
		};
		A8355EC429128E2300D9A6F3 /* Release */ = {
			isa = XCBuildConfiguration;
			buildSettings = {
				ALWAYS_EMBED_SWIFT_STANDARD_LIBRARIES = YES;
				CODE_SIGN_STYLE = Automatic;
				CURRENT_PROJECT_VERSION = 1;
				GENERATE_INFOPLIST_FILE = YES;
				MARKETING_VERSION = 1.0;
				PRODUCT_BUNDLE_IDENTIFIER = www.xcodePractices.UnitTestCasesRepositoryUITests;
				PRODUCT_NAME = "$(TARGET_NAME)";
				SWIFT_EMIT_LOC_STRINGS = NO;
				SWIFT_VERSION = 5.0;
				TARGETED_DEVICE_FAMILY = "1,2";
				TEST_TARGET_NAME = UnitTestCasesRepository;
			};
			name = Release;
		};
/* End XCBuildConfiguration section */

/* Begin XCConfigurationList section */
		A8355E8D29128E2200D9A6F3 /* Build configuration list for PBXProject "UnitTestCasesRepository" */ = {
			isa = XCConfigurationList;
			buildConfigurations = (
				A8355EBA29128E2300D9A6F3 /* Debug */,
				A8355EBB29128E2300D9A6F3 /* Release */,
			);
			defaultConfigurationIsVisible = 0;
			defaultConfigurationName = Release;
		};
		A8355EBC29128E2300D9A6F3 /* Build configuration list for PBXNativeTarget "UnitTestCasesRepository" */ = {
			isa = XCConfigurationList;
			buildConfigurations = (
				A8355EBD29128E2300D9A6F3 /* Debug */,
				A8355EBE29128E2300D9A6F3 /* Release */,
			);
			defaultConfigurationIsVisible = 0;
			defaultConfigurationName = Release;
		};
		A8355EBF29128E2300D9A6F3 /* Build configuration list for PBXNativeTarget "UnitTestCasesRepositoryTests" */ = {
			isa = XCConfigurationList;
			buildConfigurations = (
				A8355EC029128E2300D9A6F3 /* Debug */,
				A8355EC129128E2300D9A6F3 /* Release */,
			);
			defaultConfigurationIsVisible = 0;
			defaultConfigurationName = Release;
		};
		A8355EC229128E2300D9A6F3 /* Build configuration list for PBXNativeTarget "UnitTestCasesRepositoryUITests" */ = {
			isa = XCConfigurationList;
			buildConfigurations = (
				A8355EC329128E2300D9A6F3 /* Debug */,
				A8355EC429128E2300D9A6F3 /* Release */,
			);
			defaultConfigurationIsVisible = 0;
			defaultConfigurationName = Release;
		};
/* End XCConfigurationList section */
	};
	rootObject = A8355E8A29128E2200D9A6F3 /* Project object */;
}
